
Microsoft Visual Studio Solution File, Format Version 12.00
# Visual Studio 2013
VisualStudioVersion = 12.0.0.0
MinimumVisualStudioVersion = 10.0.0.1
Project("{FAE04EC0-301F-11D3-BF4B-00C04F79EFBC}") = "ETagMiddleware", "ETagMiddleware/ETagMiddleware.csproj", "{18BD43AB-E383-49E5-B80A-A6D930EB7C78}"
EndProject
Global
	GlobalSection(SolutionConfigurationPlatforms) = preSolution
		Debug|Any CPU = Debug|Any CPU
		Release|Any CPU = Release|Any CPU
	EndGlobalSection
	GlobalSection(ProjectConfigurationPlatforms) = postSolution
		{18BD43AB-E383-49E5-B80A-A6D930EB7C78}.Debug|Any CPU.ActiveCfg = Debug|Any CPU
		{18BD43AB-E383-49E5-B80A-A6D930EB7C78}.Debug|Any CPU.Build.0 = Debug|Any CPU
		{18BD43AB-E383-49E5-B80A-A6D930EB7C78}.Release|Any CPU.ActiveCfg = Release|Any CPU
		{18BD43AB-E383-49E5-B80A-A6D930EB7C78}.Release|Any CPU.Build.0 = Release|Any CPU
	EndGlobalSection
	GlobalSection(SolutionProperties) = preSolution
		HideSolutionNode = FALSE
	EndGlobalSection
EndGlobal
